// !$*UTF8*$!
{
	archiveVersion = 1;
	classes = {
	};
	objectVersion = 46;
	objects = {

/* Begin PBXBuildFile section */
		BF3DEFB81A0AF7A900C17685 /* AppDelegate.swift in Sources */ = {isa = PBXBuildFile; fileRef = BF3DEFB71A0AF7A900C17685 /* AppDelegate.swift */; };
		BF3DEFBA1A0AF7A900C17685 /* ViewController.swift in Sources */ = {isa = PBXBuildFile; fileRef = BF3DEFB91A0AF7A900C17685 /* ViewController.swift */; };
		BF3DEFBD1A0AF7A900C17685 /* Main.storyboard in Resources */ = {isa = PBXBuildFile; fileRef = BF3DEFBB1A0AF7A900C17685 /* Main.storyboard */; };
		BF3DEFBF1A0AF7A900C17685 /* Images.xcassets in Resources */ = {isa = PBXBuildFile; fileRef = BF3DEFBE1A0AF7A900C17685 /* Images.xcassets */; };
		BF3DEFC21A0AF7A900C17685 /* LaunchScreen.xib in Resources */ = {isa = PBXBuildFile; fileRef = BF3DEFC01A0AF7A900C17685 /* LaunchScreen.xib */; };
		BF3DEFCE1A0AF7A900C17685 /* FHWappTests.swift in Sources */ = {isa = PBXBuildFile; fileRef = BF3DEFCD1A0AF7A900C17685 /* FHWappTests.swift */; };
/* End PBXBuildFile section */

/* Begin PBXContainerItemProxy section */
		BF3DEFC81A0AF7A900C17685 /* PBXContainerItemProxy */ = {
			isa = PBXContainerItemProxy;
			containerPortal = BF3DEFAA1A0AF7A800C17685 /* Project object */;
			proxyType = 1;
			remoteGlobalIDString = BF3DEFB11A0AF7A800C17685;
			remoteInfo = FHWapp;
		};
/* End PBXContainerItemProxy section */

/* Begin PBXFileReference section */
		BF3DEFB21A0AF7A900C17685 /* FHWapp.app */ = {isa = PBXFileReference; explicitFileType = wrapper.application; includeInIndex = 0; path = FHWapp.app; sourceTree = BUILT_PRODUCTS_DIR; };
		BF3DEFB61A0AF7A900C17685 /* Info.plist */ = {isa = PBXFileReference; lastKnownFileType = text.plist.xml; path = Info.plist; sourceTree = "<group>"; };
		BF3DEFB71A0AF7A900C17685 /* AppDelegate.swift */ = {isa = PBXFileReference; lastKnownFileType = sourcecode.swift; path = AppDelegate.swift; sourceTree = "<group>"; };
		BF3DEFB91A0AF7A900C17685 /* ViewController.swift */ = {isa = PBXFileReference; lastKnownFileType = sourcecode.swift; path = ViewController.swift; sourceTree = "<group>"; };
		BF3DEFBC1A0AF7A900C17685 /* Base */ = {isa = PBXFileReference; lastKnownFileType = file.storyboard; name = Base; path = Base.lproj/Main.storyboard; sourceTree = "<group>"; };
		BF3DEFBE1A0AF7A900C17685 /* Images.xcassets */ = {isa = PBXFileReference; lastKnownFileType = folder.assetcatalog; path = Images.xcassets; sourceTree = "<group>"; };
		BF3DEFC11A0AF7A900C17685 /* Base */ = {isa = PBXFileReference; lastKnownFileType = file.xib; name = Base; path = Base.lproj/LaunchScreen.xib; sourceTree = "<group>"; };
		BF3DEFC71A0AF7A900C17685 /* FHWappTests.xctest */ = {isa = PBXFileReference; explicitFileType = wrapper.cfbundle; includeInIndex = 0; path = FHWappTests.xctest; sourceTree = BUILT_PRODUCTS_DIR; };
		BF3DEFCC1A0AF7A900C17685 /* Info.plist */ = {isa = PBXFileReference; lastKnownFileType = text.plist.xml; path = Info.plist; sourceTree = "<group>"; };
		BF3DEFCD1A0AF7A900C17685 /* FHWappTests.swift */ = {isa = PBXFileReference; lastKnownFileType = sourcecode.swift; path = FHWappTests.swift; sourceTree = "<group>"; };
/* End PBXFileReference section */

/* Begin PBXFrameworksBuildPhase section */
		BF3DEFAF1A0AF7A800C17685 /* Frameworks */ = {
			isa = PBXFrameworksBuildPhase;
			buildActionMask = 2147483647;
			files = (
			);
			runOnlyForDeploymentPostprocessing = 0;
		};
		BF3DEFC41A0AF7A900C17685 /* Frameworks */ = {
			isa = PBXFrameworksBuildPhase;
			buildActionMask = 2147483647;
			files = (
			);
			runOnlyForDeploymentPostprocessing = 0;
		};
/* End PBXFrameworksBuildPhase section */

/* Begin PBXGroup section */
		BF3DEFA91A0AF7A800C17685 = {
			isa = PBXGroup;
			children = (
				BF3DEFB41A0AF7A900C17685 /* FHWapp */,
				BF3DEFCA1A0AF7A900C17685 /* FHWappTests */,
				BF3DEFB31A0AF7A900C17685 /* Products */,
			);
			sourceTree = "<group>";
		};
		BF3DEFB31A0AF7A900C17685 /* Products */ = {
			isa = PBXGroup;
			children = (
				BF3DEFB21A0AF7A900C17685 /* FHWapp.app */,
				BF3DEFC71A0AF7A900C17685 /* FHWappTests.xctest */,
			);
			name = Products;
			sourceTree = "<group>";
		};
		BF3DEFB41A0AF7A900C17685 /* FHWapp */ = {
			isa = PBXGroup;
			children = (
				BF3DEFB71A0AF7A900C17685 /* AppDelegate.swift */,
				BF3DEFB91A0AF7A900C17685 /* ViewController.swift */,
				BF3DEFBB1A0AF7A900C17685 /* Main.storyboard */,
				BF3DEFBE1A0AF7A900C17685 /* Images.xcassets */,
				BF3DEFC01A0AF7A900C17685 /* LaunchScreen.xib */,
				BF3DEFB51A0AF7A900C17685 /* Supporting Files */,
			);
			path = FHWapp;
			sourceTree = "<group>";
		};
		BF3DEFB51A0AF7A900C17685 /* Supporting Files */ = {
			isa = PBXGroup;
			children = (
				BF3DEFB61A0AF7A900C17685 /* Info.plist */,
			);
			name = "Supporting Files";
			sourceTree = "<group>";
		};
		BF3DEFCA1A0AF7A900C17685 /* FHWappTests */ = {
			isa = PBXGroup;
			children = (
				BF3DEFCD1A0AF7A900C17685 /* FHWappTests.swift */,
				BF3DEFCB1A0AF7A900C17685 /* Supporting Files */,
			);
			path = FHWappTests;
			sourceTree = "<group>";
		};
		BF3DEFCB1A0AF7A900C17685 /* Supporting Files */ = {
			isa = PBXGroup;
			children = (
				BF3DEFCC1A0AF7A900C17685 /* Info.plist */,
			);
			name = "Supporting Files";
			sourceTree = "<group>";
		};
/* End PBXGroup section */

/* Begin PBXNativeTarget section */
		BF3DEFB11A0AF7A800C17685 /* FHWapp */ = {
			isa = PBXNativeTarget;
			buildConfigurationList = BF3DEFD11A0AF7A900C17685 /* Build configuration list for PBXNativeTarget "FHWapp" */;
			buildPhases = (
				BF3DEFAE1A0AF7A800C17685 /* Sources */,
				BF3DEFAF1A0AF7A800C17685 /* Frameworks */,
				BF3DEFB01A0AF7A800C17685 /* Resources */,
			);
			buildRules = (
			);
			dependencies = (
			);
			name = FHWapp;
			productName = FHWapp;
			productReference = BF3DEFB21A0AF7A900C17685 /* FHWapp.app */;
			productType = "com.apple.product-type.application";
		};
		BF3DEFC61A0AF7A900C17685 /* FHWappTests */ = {
			isa = PBXNativeTarget;
			buildConfigurationList = BF3DEFD41A0AF7A900C17685 /* Build configuration list for PBXNativeTarget "FHWappTests" */;
			buildPhases = (
				BF3DEFC31A0AF7A900C17685 /* Sources */,
				BF3DEFC41A0AF7A900C17685 /* Frameworks */,
				BF3DEFC51A0AF7A900C17685 /* Resources */,
			);
			buildRules = (
			);
			dependencies = (
				BF3DEFC91A0AF7A900C17685 /* PBXTargetDependency */,
			);
			name = FHWappTests;
			productName = FHWappTests;
			productReference = BF3DEFC71A0AF7A900C17685 /* FHWappTests.xctest */;
			productType = "com.apple.product-type.bundle.unit-test";
		};
/* End PBXNativeTarget section */

/* Begin PBXProject section */
		BF3DEFAA1A0AF7A800C17685 /* Project object */ = {
			isa = PBXProject;
			attributes = {
				LastUpgradeCheck = 0610;
				ORGANIZATIONNAME = "Frank WIlliams";
				TargetAttributes = {
					BF3DEFB11A0AF7A800C17685 = {
						CreatedOnToolsVersion = 6.1;
					};
					BF3DEFC61A0AF7A900C17685 = {
						CreatedOnToolsVersion = 6.1;
						TestTargetID = BF3DEFB11A0AF7A800C17685;
					};
				};
			};
			buildConfigurationList = BF3DEFAD1A0AF7A800C17685 /* Build configuration list for PBXProject "FHWapp" */;
			compatibilityVersion = "Xcode 3.2";
			developmentRegion = English;
			hasScannedForEncodings = 0;
			knownRegions = (
				en,
				Base,
			);
			mainGroup = BF3DEFA91A0AF7A800C17685;
			productRefGroup = BF3DEFB31A0AF7A900C17685 /* Products */;
			projectDirPath = "";
			projectRoot = "";
			targets = (
				BF3DEFB11A0AF7A800C17685 /* FHWapp */,
				BF3DEFC61A0AF7A900C17685 /* FHWappTests */,
			);
		};
/* End PBXProject section */

/* Begin PBXResourcesBuildPhase section */
		BF3DEFB01A0AF7A800C17685 /* Resources */ = {
			isa = PBXResourcesBuildPhase;
			buildActionMask = 2147483647;
			files = (
				BF3DEFBD1A0AF7A900C17685 /* Main.storyboard in Resources */,
				BF3DEFC21A0AF7A900C17685 /* LaunchScreen.xib in Resources */,
				BF3DEFBF1A0AF7A900C17685 /* Images.xcassets in Resources */,
			);
			runOnlyForDeploymentPostprocessing = 0;
		};
		BF3DEFC51A0AF7A900C17685 /* Resources */ = {
			isa = PBXResourcesBuildPhase;
			buildActionMask = 2147483647;
			files = (
			);
			runOnlyForDeploymentPostprocessing = 0;
		};
/* End PBXResourcesBuildPhase section */

/* Begin PBXSourcesBuildPhase section */
		BF3DEFAE1A0AF7A800C17685 /* Sources */ = {
			isa = PBXSourcesBuildPhase;
			buildActionMask = 2147483647;
			files = (
				BF3DEFBA1A0AF7A900C17685 /* ViewController.swift in Sources */,
				BF3DEFB81A0AF7A900C17685 /* AppDelegate.swift in Sources */,
			);
			runOnlyForDeploymentPostprocessing = 0;
		};
		BF3DEFC31A0AF7A900C17685 /* Sources */ = {
			isa = PBXSourcesBuildPhase;
			buildActionMask = 2147483647;
			files = (
				BF3DEFCE1A0AF7A900C17685 /* FHWappTests.swift in Sources */,
			);
			runOnlyForDeploymentPostprocessing = 0;
		};
/* End PBXSourcesBuildPhase section */

/* Begin PBXTargetDependency section */
		BF3DEFC91A0AF7A900C17685 /* PBXTargetDependency */ = {
			isa = PBXTargetDependency;
			target = BF3DEFB11A0AF7A800C17685 /* FHWapp */;
			targetProxy = BF3DEFC81A0AF7A900C17685 /* PBXContainerItemProxy */;
		};
/* End PBXTargetDependency section */

/* Begin PBXVariantGroup section */
		BF3DEFBB1A0AF7A900C17685 /* Main.storyboard */ = {
			isa = PBXVariantGroup;
			children = (
				BF3DEFBC1A0AF7A900C17685 /* Base */,
			);
			name = Main.storyboard;
			sourceTree = "<group>";
		};
		BF3DEFC01A0AF7A900C17685 /* LaunchScreen.xib */ = {
			isa = PBXVariantGroup;
			children = (
				BF3DEFC11A0AF7A900C17685 /* Base */,
			);
			name = LaunchScreen.xib;
			sourceTree = "<group>";
		};
/* End PBXVariantGroup section */

/* Begin XCBuildConfiguration section */
		BF3DEFCF1A0AF7A900C17685 /* Debug */ = {
			isa = XCBuildConfiguration;
			buildSettings = {
				ALWAYS_SEARCH_USER_PATHS = NO;
				CLANG_CXX_LANGUAGE_STANDARD = "gnu++0x";
				CLANG_CXX_LIBRARY = "libc++";
				CLANG_ENABLE_MODULES = YES;
				CLANG_ENABLE_OBJC_ARC = YES;
				CLANG_WARN_BOOL_CONVERSION = YES;
				CLANG_WARN_CONSTANT_CONVERSION = YES;
				CLANG_WARN_DIRECT_OBJC_ISA_USAGE = YES_ERROR;
				CLANG_WARN_EMPTY_BODY = YES;
				CLANG_WARN_ENUM_CONVERSION = YES;
				CLANG_WARN_INT_CONVERSION = YES;
				CLANG_WARN_OBJC_ROOT_CLASS = YES_ERROR;
				CLANG_WARN_UNREACHABLE_CODE = YES;
				CLANG_WARN__DUPLICATE_METHOD_MATCH = YES;
				"CODE_SIGN_IDENTITY[sdk=iphoneos*]" = "iPhone Developer";
				COPY_PHASE_STRIP = NO;
				ENABLE_STRICT_OBJC_MSGSEND = YES;
				GCC_C_LANGUAGE_STANDARD = gnu99;
				GCC_DYNAMIC_NO_PIC = NO;
				GCC_OPTIMIZATION_LEVEL = 0;
				GCC_PREPROCESSOR_DEFINITIONS = (
					"DEBUG=1",
					"$(inherited)",
				);
				GCC_SYMBOLS_PRIVATE_EXTERN = NO;
				GCC_WARN_64_TO_32_BIT_CONVERSION = YES;
				GCC_WARN_ABOUT_RETURN_TYPE = YES_ERROR;
				GCC_WARN_UNDECLARED_SELECTOR = YES;
				GCC_WARN_UNINITIALIZED_AUTOS = YES_AGGRESSIVE;
				GCC_WARN_UNUSED_FUNCTION = YES;
				GCC_WARN_UNUSED_VARIABLE = YES;
				IPHONEOS_DEPLOYMENT_TARGET = 8.1;
				MTL_ENABLE_DEBUG_INFO = YES;
				ONLY_ACTIVE_ARCH = YES;
				SDKROOT = iphoneos;
				SWIFT_OPTIMIZATION_LEVEL = "-Onone";
				TARGETED_DEVICE_FAMILY = "1,2";
			};
			name = Debug;
		};
		BF3DEFD01A0AF7A900C17685 /* Release */ = {
			isa = XCBuildConfiguration;
			buildSettings = {
				ALWAYS_SEARCH_USER_PATHS = NO;
				CLANG_CXX_LANGUAGE_STANDARD = "gnu++0x";
				CLANG_CXX_LIBRARY = "libc++";
				CLANG_ENABLE_MODULES = YES;
				CLANG_ENABLE_OBJC_ARC = YES;
				CLANG_WARN_BOOL_CONVERSION = YES;
				CLANG_WARN_CONSTANT_CONVERSION = YES;
				CLANG_WARN_DIRECT_OBJC_ISA_USAGE = YES_ERROR;
				CLANG_WARN_EMPTY_BODY = YES;
				CLANG_WARN_ENUM_CONVERSION = YES;
				CLANG_WARN_INT_CONVERSION = YES;
				CLANG_WARN_OBJC_ROOT_CLASS = YES_ERROR;
				CLANG_WARN_UNREACHABLE_CODE = YES;
				CLANG_WARN__DUPLICATE_METHOD_MATCH = YES;
				"CODE_SIGN_IDENTITY[sdk=iphoneos*]" = "iPhone Developer";
				COPY_PHASE_STRIP = YES;
				ENABLE_NS_ASSERTIONS = NO;
				ENABLE_STRICT_OBJC_MSGSEND = YES;
				GCC_C_LANGUAGE_STANDARD = gnu99;
				GCC_WARN_64_TO_32_BIT_CONVERSION = YES;
				GCC_WARN_ABOUT_RETURN_TYPE = YES_ERROR;
				GCC_WARN_UNDECLARED_SELECTOR = YES;
				GCC_WARN_UNINITIALIZED_AUTOS = YES_AGGRESSIVE;
				GCC_WARN_UNUSED_FUNCTION = YES;
				GCC_WARN_UNUSED_VARIABLE = YES;
				IPHONEOS_DEPLOYMENT_TARGET = 8.1;
				MTL_ENABLE_DEBUG_INFO = NO;
				SDKROOT = iphoneos;
				TARGETED_DEVICE_FAMILY = "1,2";
				VALIDATE_PRODUCT = YES;
			};
			name = Release;
		};
		BF3DEFD21A0AF7A900C17685 /* Debug */ = {
			isa = XCBuildConfiguration;
			buildSettings = {
				ASSETCATALOG_COMPILER_APPICON_NAME = AppIcon;
				INFOPLIST_FILE = FHWapp/Info.plist;
				LD_RUNPATH_SEARCH_PATHS = "$(inherited) @executable_path/Frameworks";
				PRODUCT_NAME = "$(TARGET_NAME)";
			};
			name = Debug;
		};
		BF3DEFD31A0AF7A900C17685 /* Release */ = {
			isa = XCBuildConfiguration;
			buildSettings = {
				ASSETCATALOG_COMPILER_APPICON_NAME = AppIcon;
				INFOPLIST_FILE = FHWapp/Info.plist;
				LD_RUNPATH_SEARCH_PATHS = "$(inherited) @executable_path/Frameworks";
				PRODUCT_NAME = "$(TARGET_NAME)";
			};
			name = Release;
		};
		BF3DEFD51A0AF7A900C17685 /* Debug */ = {
			isa = XCBuildConfiguration;
			buildSettings = {
				BUNDLE_LOADER = "$(TEST_HOST)";
				FRAMEWORK_SEARCH_PATHS = (
					"$(SDKROOT)/Developer/Library/Frameworks",
					"$(inherited)",
				);
				GCC_PREPROCESSOR_DEFINITIONS = (
					"DEBUG=1",
					"$(inherited)",
				);
				INFOPLIST_FILE = FHWappTests/Info.plist;
				LD_RUNPATH_SEARCH_PATHS = "$(inherited) @executable_path/Frameworks @loader_path/Frameworks";
				PRODUCT_NAME = "$(TARGET_NAME)";
				TEST_HOST = "$(BUILT_PRODUCTS_DIR)/FHWapp.app/FHWapp";
			};
			name = Debug;
		};
		BF3DEFD61A0AF7A900C17685 /* Release */ = {
			isa = XCBuildConfiguration;
			buildSettings = {
				BUNDLE_LOADER = "$(TEST_HOST)";
				FRAMEWORK_SEARCH_PATHS = (
					"$(SDKROOT)/Developer/Library/Frameworks",
					"$(inherited)",
				);
				INFOPLIST_FILE = FHWappTests/Info.plist;
				LD_RUNPATH_SEARCH_PATHS = "$(inherited) @executable_path/Frameworks @loader_path/Frameworks";
				PRODUCT_NAME = "$(TARGET_NAME)";
				TEST_HOST = "$(BUILT_PRODUCTS_DIR)/FHWapp.app/FHWapp";
			};
			name = Release;
		};
/* End XCBuildConfiguration section */

/* Begin XCConfigurationList section */
		BF3DEFAD1A0AF7A800C17685 /* Build configuration list for PBXProject "FHWapp" */ = {
			isa = XCConfigurationList;
			buildConfigurations = (
				BF3DEFCF1A0AF7A900C17685 /* Debug */,
				BF3DEFD01A0AF7A900C17685 /* Release */,
			);
			defaultConfigurationIsVisible = 0;
			defaultConfigurationName = Release;
		};
		BF3DEFD11A0AF7A900C17685 /* Build configuration list for PBXNativeTarget "FHWapp" */ = {
			isa = XCConfigurationList;
			buildConfigurations = (
				BF3DEFD21A0AF7A900C17685 /* Debug */,
				BF3DEFD31A0AF7A900C17685 /* Release */,
			);
			defaultConfigurationIsVisible = 0;
		};
		BF3DEFD41A0AF7A900C17685 /* Build configuration list for PBXNativeTarget "FHWappTests" */ = {
			isa = XCConfigurationList;
			buildConfigurations = (
				BF3DEFD51A0AF7A900C17685 /* Debug */,
				BF3DEFD61A0AF7A900C17685 /* Release */,
			);
			defaultConfigurationIsVisible = 0;
		};
/* End XCConfigurationList section */
	};
	rootObject = BF3DEFAA1A0AF7A800C17685 /* Project object */;
}
